
Microsoft Visual Studio Solution File, Format Version 12.00
Project("{FAE04EC0-301F-11D3-BF4B-00C04F79EFBC}") = "YoutubeAWS", "YoutubeAWS\YoutubeAWS.csproj", "{A2F42841-D322-4200-8CB2-F14EF5606018}"
EndProject
Global
	GlobalSection(SolutionConfigurationPlatforms) = preSolution
		Debug|Any CPU = Debug|Any CPU
		Release|Any CPU = Release|Any CPU
	EndGlobalSection
	GlobalSection(ProjectConfigurationPlatforms) = postSolution
		{A2F42841-D322-4200-8CB2-F14EF5606018}.Debug|Any CPU.ActiveCfg = Debug|Any CPU
		{A2F42841-D322-4200-8CB2-F14EF5606018}.Debug|Any CPU.Build.0 = Debug|Any CPU
		{A2F42841-D322-4200-8CB2-F14EF5606018}.Release|Any CPU.ActiveCfg = Release|Any CPU
		{A2F42841-D322-4200-8CB2-F14EF5606018}.Release|Any CPU.Build.0 = Release|Any CPU
	EndGlobalSection
EndGlobal
